
Microsoft Visual Studio Solution File, Format Version 12.00
# Visual Studio 15
VisualStudioVersion = 15.0.28307.168
MinimumVisualStudioVersion = 10.0.40219.1
Project("{FAE04EC0-301F-11D3-BF4B-00C04F79EFBC}") = "EFGetStarted.AspNetCore.ExistingDb", "EFGetStarted.AspNetCore.ExistingDb\EFGetStarted.AspNetCore.ExistingDb.csproj", "{0585589B-DF79-40A8-ADF9-EF3BC25350BC}"
EndProject
Global
	GlobalSection(SolutionConfigurationPlatforms) = preSolution
		Debug|Any CPU = Debug|Any CPU
		Release|Any CPU = Release|Any CPU
	EndGlobalSection
	GlobalSection(ProjectConfigurationPlatforms) = postSolution
		{0585589B-DF79-40A8-ADF9-EF3BC25350BC}.Debug|Any CPU.ActiveCfg = Debug|Any CPU
		{0585589B-DF79-40A8-ADF9-EF3BC25350BC}.Debug|Any CPU.Build.0 = Debug|Any CPU
		{0585589B-DF79-40A8-ADF9-EF3BC25350BC}.Release|Any CPU.ActiveCfg = Release|Any CPU
		{0585589B-DF79-40A8-ADF9-EF3BC25350BC}.Release|Any CPU.Build.0 = Release|Any CPU
	EndGlobalSection
	GlobalSection(SolutionProperties) = preSolution
		HideSolutionNode = FALSE
	EndGlobalSection
	GlobalSection(ExtensibilityGlobals) = postSolution
		SolutionGuid = {69DCC6BF-38DA-4F03-B79F-97299A0F4652}
	EndGlobalSection
EndGlobal
